
Microsoft Visual Studio Solution File, Format Version 12.00
# Visual Studio Version 17
VisualStudioVersion = 17.3.32825.248
MinimumVisualStudioVersion = 10.0.40219.1
Project("{9A19103F-16F7-4668-BE54-9A1E7A4F7556}") = "PetStoreApi", "PetStoreApi.csproj", "{CCB2E78E-A228-43AE-A1AC-3877193EE9C3}"
EndProject
Global
	GlobalSection(SolutionConfigurationPlatforms) = preSolution
		Debug|Any CPU = Debug|Any CPU
		Release|Any CPU = Release|Any CPU
	EndGlobalSection
	GlobalSection(ProjectConfigurationPlatforms) = postSolution
		{CCB2E78E-A228-43AE-A1AC-3877193EE9C3}.Debug|Any CPU.ActiveCfg = Debug|Any CPU
		{CCB2E78E-A228-43AE-A1AC-3877193EE9C3}.Debug|Any CPU.Build.0 = Debug|Any CPU
		{CCB2E78E-A228-43AE-A1AC-3877193EE9C3}.Release|Any CPU.ActiveCfg = Release|Any CPU
		{CCB2E78E-A228-43AE-A1AC-3877193EE9C3}.Release|Any CPU.Build.0 = Release|Any CPU
	EndGlobalSection
	GlobalSection(SolutionProperties) = preSolution
		HideSolutionNode = FALSE
	EndGlobalSection
	GlobalSection(ExtensibilityGlobals) = postSolution
		SolutionGuid = {140A2B9B-ECE2-4F8F-9791-93C2B66CB259}
	EndGlobalSection
EndGlobal
